
Microsoft Visual Studio Solution File, Format Version 12.00
# Visual Studio Version 16
VisualStudioVersion = 16.0.30503.244
MinimumVisualStudioVersion = 10.0.40219.1
Project("{FAE04EC0-301F-11D3-BF4B-00C04F79EFBC}") = "FBRMDataManager", "FBRMDataManager\FBRMDataManager.csproj", "{2E90CABC-E543-4376-8CA0-BA2472B0F69F}"
EndProject
Project("{00D1A9C2-B5F0-4AF3-8072-F6C62B433612}") = "FBRMData", "FBRMData\FBRMData.sqlproj", "{15E02E4F-909E-43CE-B138-ADD0DC6C484E}"
EndProject
Project("{FAE04EC0-301F-11D3-BF4B-00C04F79EFBC}") = "FBRMDesktopUI", "FBRMDesktopUI\FBRMDesktopUI.csproj", "{3FF75DCE-44DD-4F7B-BEEB-406B19662F59}"
EndProject
Global
	GlobalSection(SolutionConfigurationPlatforms) = preSolution
		Debug|Any CPU = Debug|Any CPU
		Release|Any CPU = Release|Any CPU
	EndGlobalSection
	GlobalSection(ProjectConfigurationPlatforms) = postSolution
		{2E90CABC-E543-4376-8CA0-BA2472B0F69F}.Debug|Any CPU.ActiveCfg = Debug|Any CPU
		{2E90CABC-E543-4376-8CA0-BA2472B0F69F}.Debug|Any CPU.Build.0 = Debug|Any CPU
		{2E90CABC-E543-4376-8CA0-BA2472B0F69F}.Release|Any CPU.ActiveCfg = Release|Any CPU
		{2E90CABC-E543-4376-8CA0-BA2472B0F69F}.Release|Any CPU.Build.0 = Release|Any CPU
		{15E02E4F-909E-43CE-B138-ADD0DC6C484E}.Debug|Any CPU.ActiveCfg = Debug|Any CPU
		{15E02E4F-909E-43CE-B138-ADD0DC6C484E}.Debug|Any CPU.Build.0 = Debug|Any CPU
		{15E02E4F-909E-43CE-B138-ADD0DC6C484E}.Debug|Any CPU.Deploy.0 = Debug|Any CPU
		{15E02E4F-909E-43CE-B138-ADD0DC6C484E}.Release|Any CPU.ActiveCfg = Release|Any CPU
		{15E02E4F-909E-43CE-B138-ADD0DC6C484E}.Release|Any CPU.Build.0 = Release|Any CPU
		{15E02E4F-909E-43CE-B138-ADD0DC6C484E}.Release|Any CPU.Deploy.0 = Release|Any CPU
		{3FF75DCE-44DD-4F7B-BEEB-406B19662F59}.Debug|Any CPU.ActiveCfg = Debug|Any CPU
		{3FF75DCE-44DD-4F7B-BEEB-406B19662F59}.Debug|Any CPU.Build.0 = Debug|Any CPU
		{3FF75DCE-44DD-4F7B-BEEB-406B19662F59}.Release|Any CPU.ActiveCfg = Release|Any CPU
		{3FF75DCE-44DD-4F7B-BEEB-406B19662F59}.Release|Any CPU.Build.0 = Release|Any CPU
	EndGlobalSection
	GlobalSection(SolutionProperties) = preSolution
		HideSolutionNode = FALSE
	EndGlobalSection
	GlobalSection(ExtensibilityGlobals) = postSolution
		SolutionGuid = {40AF82D2-536E-4D24-8D9A-B1F1209DB846}
	EndGlobalSection
EndGlobal
